{
  "lockFileVersion": 11,
  "registryFileHashes": {
    "https://bcr.bazel.build/bazel_registry.json": "8a28e4aff06ee60aed2a8c281907fb8bcbf3b753c91fb5a5c57da3215d5b3497",
    "https://bcr.bazel.build/modules/abseil-cpp/20210324.2/MODULE.bazel": "7cd0312e064fde87c8d1cd79ba06c876bd23630c83466e9500321be55c96ace2",
    "https://bcr.bazel.build/modules/abseil-cpp/20211102.0/MODULE.bazel": "70390338f7a5106231d20620712f7cccb659cd0e9d073d1991c038eb9fc57589",
    "https://bcr.bazel.build/modules/abseil-cpp/20211102.0/source.json": "7e3a9adf473e9af076ae485ed649d5641ad50ec5c11718103f34de03170d94ad",
    "https://bcr.bazel.build/modules/apple_support/1.5.0/MODULE.bazel": "50341a62efbc483e8a2a6aec30994a58749bd7b885e18dd96aa8c33031e558ef",
    "https://bcr.bazel.build/modules/apple_support/1.5.0/source.json": "eb98a7627c0bc486b57f598ad8da50f6625d974c8f723e9ea71bd39f709c9862",
    "https://bcr.bazel.build/modules/aspect_bazel_lib/2.5.3/MODULE.bazel": "1602c117f85b148a5e63550e3d2e40f9b36d769fb84ef5e32f07faaa347da22b",
    "https://bcr.bazel.build/modules/aspect_bazel_lib/2.5.3/source.json": "b0c9135e82acb1893780901a39e53f4a3cb990e0ffc9422e37a80470a2d1f865",
    "https://bcr.bazel.build/modules/bazel_features/1.11.0/MODULE.bazel": "f9382337dd5a474c3b7d334c2f83e50b6eaedc284253334cf823044a26de03e8",
    "https://bcr.bazel.build/modules/bazel_features/1.11.0/source.json": "c9320aa53cd1c441d24bd6b716da087ad7e4ff0d9742a9884587596edfe53015",
    "https://bcr.bazel.build/modules/bazel_skylib/1.0.3/MODULE.bazel": "bcb0fd896384802d1ad283b4e4eb4d718eebd8cb820b0a2c3a347fb971afd9d8",
    "https://bcr.bazel.build/modules/bazel_skylib/1.2.0/MODULE.bazel": "44fe84260e454ed94ad326352a698422dbe372b21a1ac9f3eab76eb531223686",
    "https://bcr.bazel.build/modules/bazel_skylib/1.2.1/MODULE.bazel": "f35baf9da0efe45fa3da1696ae906eea3d615ad41e2e3def4aeb4e8bc0ef9a7a",
    "https://bcr.bazel.build/modules/bazel_skylib/1.3.0/MODULE.bazel": "20228b92868bf5cfc41bda7afc8a8ba2a543201851de39d990ec957b513579c5",
    "https://bcr.bazel.build/modules/bazel_skylib/1.5.0/MODULE.bazel": "32880f5e2945ce6a03d1fbd588e9198c0a959bb42297b2cfaf1685b7bc32e138",
    "https://bcr.bazel.build/modules/bazel_skylib/1.6.1/MODULE.bazel": "8fdee2dbaace6c252131c00e1de4b165dc65af02ea278476187765e1a617b917",
    "https://bcr.bazel.build/modules/bazel_skylib/1.6.1/source.json": "082ed5f9837901fada8c68c2f3ddc958bb22b6d654f71dd73f3df30d45d4b749",
    "https://bcr.bazel.build/modules/buildozer/7.1.2/MODULE.bazel": "2e8dd40ede9c454042645fd8d8d0cd1527966aa5c919de86661e62953cd73d84",
    "https://bcr.bazel.build/modules/buildozer/7.1.2/source.json": "c9028a501d2db85793a6996205c8de120944f50a0d570438fcae0457a5f9d1f8",
    "https://bcr.bazel.build/modules/googletest/1.11.0/MODULE.bazel": "3a83f095183f66345ca86aa13c58b59f9f94a2f81999c093d4eeaa2d262d12f4",
    "https://bcr.bazel.build/modules/googletest/1.11.0/source.json": "c73d9ef4268c91bd0c1cd88f1f9dfa08e814b1dbe89b5f594a9f08ba0244d206",
    "https://bcr.bazel.build/modules/hermetic_cc_toolchain/3.0.1/MODULE.bazel": "8f6fe6330a3d239a000cded6c81462b3cc709cea413199a8380b3f26e19299ee",
    "https://bcr.bazel.build/modules/hermetic_cc_toolchain/3.0.1/source.json": "6ad8f6ab9da462620a6fdb53f93668c6163b82e30ecac832c85fbf341c36788a",
    "https://bcr.bazel.build/modules/platforms/0.0.4/MODULE.bazel": "9b328e31ee156f53f3c416a64f8491f7eb731742655a47c9eec4703a71644aee",
    "https://bcr.bazel.build/modules/platforms/0.0.5/MODULE.bazel": "5733b54ea419d5eaf7997054bb55f6a1d0b5ff8aedf0176fef9eea44f3acda37",
    "https://bcr.bazel.build/modules/platforms/0.0.6/MODULE.bazel": "ad6eeef431dc52aefd2d77ed20a4b353f8ebf0f4ecdd26a807d2da5aa8cd0615",
    "https://bcr.bazel.build/modules/platforms/0.0.7/MODULE.bazel": "72fd4a0ede9ee5c021f6a8dd92b503e089f46c227ba2813ff183b71616034814",
    "https://bcr.bazel.build/modules/platforms/0.0.8/MODULE.bazel": "9f142c03e348f6d263719f5074b21ef3adf0b139ee4c5133e2aa35664da9eb2d",
    "https://bcr.bazel.build/modules/platforms/0.0.9/MODULE.bazel": "4a87a60c927b56ddd67db50c89acaa62f4ce2a1d2149ccb63ffd871d5ce29ebc",
    "https://bcr.bazel.build/modules/platforms/0.0.9/source.json": "cd74d854bf16a9e002fb2ca7b1a421f4403cda29f824a765acd3a8c56f8d43e6",
    "https://bcr.bazel.build/modules/protobuf/21.7/MODULE.bazel": "a5a29bb89544f9b97edce05642fac225a808b5b7be74038ea3640fae2f8e66a7",
    "https://bcr.bazel.build/modules/protobuf/21.7/source.json": "bbe500720421e582ff2d18b0802464205138c06056f443184de39fbb8187b09b",
    "https://bcr.bazel.build/modules/protobuf/3.19.0/MODULE.bazel": "6b5fbb433f760a99a22b18b6850ed5784ef0e9928a72668b66e4d7ccd47db9b0",
    "https://bcr.bazel.build/modules/protobuf/3.19.6/MODULE.bazel": "9233edc5e1f2ee276a60de3eaa47ac4132302ef9643238f23128fea53ea12858",
    "https://bcr.bazel.build/modules/rules_cc/0.0.1/MODULE.bazel": "cb2aa0747f84c6c3a78dad4e2049c154f08ab9d166b1273835a8174940365647",
    "https://bcr.bazel.build/modules/rules_cc/0.0.2/MODULE.bazel": "6915987c90970493ab97393024c156ea8fb9f3bea953b2f3ec05c34f19b5695c",
    "https://bcr.bazel.build/modules/rules_cc/0.0.8/MODULE.bazel": "964c85c82cfeb6f3855e6a07054fdb159aced38e99a5eecf7bce9d53990afa3e",
    "https://bcr.bazel.build/modules/rules_cc/0.0.9/MODULE.bazel": "836e76439f354b89afe6a911a7adf59a6b2518fafb174483ad78a2a2fde7b1c5",
    "https://bcr.bazel.build/modules/rules_cc/0.0.9/source.json": "1f1ba6fea244b616de4a554a0f4983c91a9301640c8fe0dd1d410254115c8430",
    "https://bcr.bazel.build/modules/rules_java/4.0.0/MODULE.bazel": "5a78a7ae82cd1a33cef56dc578c7d2a46ed0dca12643ee45edbb8417899e6f74",
    "https://bcr.bazel.build/modules/rules_java/5.3.5/MODULE.bazel": "a4ec4f2db570171e3e5eb753276ee4b389bae16b96207e9d3230895c99644b86",
    "https://bcr.bazel.build/modules/rules_java/7.6.5/MODULE.bazel": "481164be5e02e4cab6e77a36927683263be56b7e36fef918b458d7a8a1ebadb1",
    "https://bcr.bazel.build/modules/rules_java/7.6.5/source.json": "a805b889531d1690e3c72a7a7e47a870d00323186a9904b36af83aa3d053ee8d",
    "https://bcr.bazel.build/modules/rules_jvm_external/4.4.2/MODULE.bazel": "a56b85e418c83eb1839819f0b515c431010160383306d13ec21959ac412d2fe7",
    "https://bcr.bazel.build/modules/rules_jvm_external/4.4.2/source.json": "a075731e1b46bc8425098512d038d416e966ab19684a10a34f4741295642fc35",
    "https://bcr.bazel.build/modules/rules_license/0.0.3/MODULE.bazel": "627e9ab0247f7d1e05736b59dbb1b6871373de5ad31c3011880b4133cafd4bd0",
    "https://bcr.bazel.build/modules/rules_license/0.0.4/MODULE.bazel": "6a88dd22800cf1f9f79ba32cacad0d3a423ed28efa2c2ed5582eaa78dd3ac1e5",
    "https://bcr.bazel.build/modules/rules_license/0.0.7/MODULE.bazel": "088fbeb0b6a419005b89cf93fe62d9517c0a2b8bb56af3244af65ecfe37e7d5d",
    "https://bcr.bazel.build/modules/rules_license/0.0.7/source.json": "355cc5737a0f294e560d52b1b7a6492d4fff2caf0bef1a315df5a298fca2d34a",
    "https://bcr.bazel.build/modules/rules_pkg/0.10.1/MODULE.bazel": "d6e593e048db5f1028f1f05ceb64b123aa6f1c2d43cba049c036443ab2cc2044",
    "https://bcr.bazel.build/modules/rules_pkg/0.10.1/source.json": "a3550442d1530f00fd2a51036250db1891c8fedfd85991c65a0bd0f6daefe0a3",
    "https://bcr.bazel.build/modules/rules_pkg/0.7.0/MODULE.bazel": "df99f03fc7934a4737122518bb87e667e62d780b610910f0447665a7e2be62dc",
    "https://bcr.bazel.build/modules/rules_proto/4.0.0/MODULE.bazel": "a7a7b6ce9bee418c1a760b3d84f83a299ad6952f9903c67f19e4edd964894e06",
    "https://bcr.bazel.build/modules/rules_proto/5.3.0-21.7/MODULE.bazel": "e8dff86b0971688790ae75528fe1813f71809b5afd57facb44dad9e8eca631b7",
    "https://bcr.bazel.build/modules/rules_proto/5.3.0-21.7/source.json": "d57902c052424dfda0e71646cb12668d39c4620ee0544294d9d941e7d12bc3a9",
    "https://bcr.bazel.build/modules/rules_python/0.10.2/MODULE.bazel": "cc82bc96f2997baa545ab3ce73f196d040ffb8756fd2d66125a530031cd90e5f",
    "https://bcr.bazel.build/modules/rules_python/0.22.1/MODULE.bazel": "26114f0c0b5e93018c0c066d6673f1a2c3737c7e90af95eff30cfee38d0bbac7",
    "https://bcr.bazel.build/modules/rules_python/0.24.0/MODULE.bazel": "4bff7f583653d0762cda21303da0643cc4c545ddfd9593337f18dad8d1787801",
    "https://bcr.bazel.build/modules/rules_python/0.24.0/source.json": "c4bbbd6350883cfc0f4a805577ab94ed94c2f5dc588e84cf1851137c121d3887",
    "https://bcr.bazel.build/modules/rules_python/0.4.0/MODULE.bazel": "9208ee05fd48bf09ac60ed269791cf17fb343db56c8226a720fbb1cdf467166c",
    "https://bcr.bazel.build/modules/stardoc/0.5.1/MODULE.bazel": "1a05d92974d0c122f5ccf09291442580317cdd859f07a8655f1db9a60374f9f8",
    "https://bcr.bazel.build/modules/stardoc/0.5.4/MODULE.bazel": "6569966df04610b8520957cb8e97cf2e9faac2c0309657c537ab51c16c18a2a4",
    "https://bcr.bazel.build/modules/stardoc/0.5.4/source.json": "a961f58a71e735aa9dcb2d79b288e06b0a2d860ba730302c8f11be411b76631e",
    "https://bcr.bazel.build/modules/upb/0.0.0-20220923-a547704/MODULE.bazel": "7298990c00040a0e2f121f6c32544bab27d4452f80d9ce51349b1a28f3005c43",
    "https://bcr.bazel.build/modules/upb/0.0.0-20220923-a547704/source.json": "f1ef7d3f9e0e26d4b23d1c39b5f5de71f584dd7d1b4ef83d9bbba6ec7a6a6459",
    "https://bcr.bazel.build/modules/zlib/1.2.11/MODULE.bazel": "07b389abc85fdbca459b69e2ec656ae5622873af3f845e1c9d80fe179f3effa0",
    "https://bcr.bazel.build/modules/zlib/1.2.12/MODULE.bazel": "3b1a8834ada2a883674be8cbd36ede1b6ec481477ada359cd2d3ddc562340b27",
    "https://bcr.bazel.build/modules/zlib/1.3.1.bcr.3/MODULE.bazel": "af322bc08976524477c79d1e45e241b6efbeb918c497e8840b8ab116802dda79",
    "https://bcr.bazel.build/modules/zlib/1.3.1.bcr.3/source.json": "2be409ac3c7601245958cd4fcdff4288be79ed23bd690b4b951f500d54ee6e7d"
  },
  "selectedYankedVersions": {},
  "moduleExtensions": {
    "@@apple_support~//crosstool:setup.bzl%apple_cc_configure_extension": {
      "general": {
        "bzlTransitiveDigest": "PjIds3feoYE8SGbbIq2SFTZy3zmxeO2tQevJZNDo7iY=",
        "usagesDigest": "aLmqbvowmHkkBPve05yyDNGN7oh7QE9kBADr3QIZTZs=",
        "recordedFileInputs": {},
        "recordedDirentsInputs": {},
        "envVariables": {},
        "generatedRepoSpecs": {
          "local_config_apple_cc": {
            "bzlFile": "@@apple_support~//crosstool:setup.bzl",
            "ruleClassName": "_apple_cc_autoconf",
            "attributes": {}
          },
          "local_config_apple_cc_toolchains": {
            "bzlFile": "@@apple_support~//crosstool:setup.bzl",
            "ruleClassName": "_apple_cc_autoconf_toolchains",
            "attributes": {}
          }
        },
        "recordedRepoMappingEntries": [
          [
            "apple_support~",
            "bazel_tools",
            "bazel_tools"
          ]
        ]
      }
    },
    "@@aspect_bazel_lib~//lib:extensions.bzl%toolchains": {
      "general": {
        "bzlTransitiveDigest": "hmvHKyxvWXDQXKdli46CCsEgoH+Qi2N9bSjy1F5gT+8=",
        "usagesDigest": "S0RQnsCrA4rjt9WAmoz1JLw9cJds16PkvhwXxsHYsak=",
        "recordedFileInputs": {},
        "recordedDirentsInputs": {},
        "envVariables": {},
        "generatedRepoSpecs": {
          "expand_template_windows_amd64": {
            "bzlFile": "@@aspect_bazel_lib~//lib/private:expand_template_toolchain.bzl",
            "ruleClassName": "expand_template_platform_repo",
            "attributes": {
              "platform": "windows_amd64"
            }
          },
          "copy_to_directory_windows_amd64": {
            "bzlFile": "@@aspect_bazel_lib~//lib/private:copy_to_directory_toolchain.bzl",
            "ruleClassName": "copy_to_directory_platform_repo",
            "attributes": {
              "platform": "windows_amd64"
            }
          },
          "bsd_tar_host": {
            "bzlFile": "@@aspect_bazel_lib~//lib/private:tar_toolchain.bzl",
            "ruleClassName": "bsdtar_binary_repo",
            "attributes": {
              "platform": "host"
            }
          },
          "jq_darwin_amd64": {
            "bzlFile": "@@aspect_bazel_lib~//lib/private:jq_toolchain.bzl",
            "ruleClassName": "jq_platform_repo",
            "attributes": {
              "platform": "darwin_amd64",
              "version": "1.7"
            }
          },
          "copy_to_directory_freebsd_amd64": {
            "bzlFile": "@@aspect_bazel_lib~//lib/private:copy_to_directory_toolchain.bzl",
            "ruleClassName": "copy_to_directory_platform_repo",
            "attributes": {
              "platform": "freebsd_amd64"
            }
          },
          "expand_template_linux_amd64": {
            "bzlFile": "@@aspect_bazel_lib~//lib/private:expand_template_toolchain.bzl",
            "ruleClassName": "expand_template_platform_repo",
            "attributes": {
              "platform": "linux_amd64"
            }
          },
          "jq_linux_arm64": {
            "bzlFile": "@@aspect_bazel_lib~//lib/private:jq_toolchain.bzl",
            "ruleClassName": "jq_platform_repo",
            "attributes": {
              "platform": "linux_arm64",
              "version": "1.7"
            }
          },
          "coreutils_darwin_arm64": {
            "bzlFile": "@@aspect_bazel_lib~//lib/private:coreutils_toolchain.bzl",
            "ruleClassName": "coreutils_platform_repo",
            "attributes": {
              "platform": "darwin_arm64",
              "version": "0.0.23"
            }
          },
          "copy_to_directory_linux_arm64": {
            "bzlFile": "@@aspect_bazel_lib~//lib/private:copy_to_directory_toolchain.bzl",
            "ruleClassName": "copy_to_directory_platform_repo",
            "attributes": {
              "platform": "linux_arm64"
            }
          },
          "bsd_tar_linux_arm64": {
            "bzlFile": "@@aspect_bazel_lib~//lib/private:tar_toolchain.bzl",
            "ruleClassName": "bsdtar_binary_repo",
            "attributes": {
              "platform": "linux_arm64"
            }
          },
          "copy_directory_darwin_amd64": {
            "bzlFile": "@@aspect_bazel_lib~//lib/private:copy_directory_toolchain.bzl",
            "ruleClassName": "copy_directory_platform_repo",
            "attributes": {
              "platform": "darwin_amd64"
            }
          },
          "coreutils_darwin_amd64": {
            "bzlFile": "@@aspect_bazel_lib~//lib/private:coreutils_toolchain.bzl",
            "ruleClassName": "coreutils_platform_repo",
            "attributes": {
              "platform": "darwin_amd64",
              "version": "0.0.23"
            }
          },
          "coreutils_linux_arm64": {
            "bzlFile": "@@aspect_bazel_lib~//lib/private:coreutils_toolchain.bzl",
            "ruleClassName": "coreutils_platform_repo",
            "attributes": {
              "platform": "linux_arm64",
              "version": "0.0.23"
            }
          },
          "yq_linux_s390x": {
            "bzlFile": "@@aspect_bazel_lib~//lib/private:yq_toolchain.bzl",
            "ruleClassName": "yq_platform_repo",
            "attributes": {
              "platform": "linux_s390x",
              "version": "4.25.2"
            }
          },
          "yq": {
            "bzlFile": "@@aspect_bazel_lib~//lib/private:yq_toolchain.bzl",
            "ruleClassName": "yq_host_alias_repo",
            "attributes": {}
          },
          "expand_template_darwin_amd64": {
            "bzlFile": "@@aspect_bazel_lib~//lib/private:expand_template_toolchain.bzl",
            "ruleClassName": "expand_template_platform_repo",
            "attributes": {
              "platform": "darwin_amd64"
            }
          },
          "copy_directory_linux_amd64": {
            "bzlFile": "@@aspect_bazel_lib~//lib/private:copy_directory_toolchain.bzl",
            "ruleClassName": "copy_directory_platform_repo",
            "attributes": {
              "platform": "linux_amd64"
            }
          },
          "jq_darwin_arm64": {
            "bzlFile": "@@aspect_bazel_lib~//lib/private:jq_toolchain.bzl",
            "ruleClassName": "jq_platform_repo",
            "attributes": {
              "platform": "darwin_arm64",
              "version": "1.7"
            }
          },
          "yq_darwin_amd64": {
            "bzlFile": "@@aspect_bazel_lib~//lib/private:yq_toolchain.bzl",
            "ruleClassName": "yq_platform_repo",
            "attributes": {
              "platform": "darwin_amd64",
              "version": "4.25.2"
            }
          },
          "copy_directory_linux_arm64": {
            "bzlFile": "@@aspect_bazel_lib~//lib/private:copy_directory_toolchain.bzl",
            "ruleClassName": "copy_directory_platform_repo",
            "attributes": {
              "platform": "linux_arm64"
            }
          },
          "expand_template_toolchains": {
            "bzlFile": "@@aspect_bazel_lib~//lib/private:expand_template_toolchain.bzl",
            "ruleClassName": "expand_template_toolchains_repo",
            "attributes": {
              "user_repository_name": "expand_template"
            }
          },
          "bats_assert": {
            "bzlFile": "@@bazel_tools//tools/build_defs/repo:http.bzl",
            "ruleClassName": "http_archive",
            "attributes": {
              "sha256": "98ca3b685f8b8993e48ec057565e6e2abcc541034ed5b0e81f191505682037fd",
              "urls": [
                "https://github.com/bats-core/bats-assert/archive/v2.1.0.tar.gz"
              ],
              "strip_prefix": "bats-assert-2.1.0",
              "build_file_content": "load(\"@aspect_bazel_lib//lib:copy_to_directory.bzl\", \"copy_to_directory\")\n\ncopy_to_directory(\n    name = \"assert\",\n    hardlink = \"on\",\n    srcs = glob([\n        \"src/**\",\n        \"load.bash\",\n    ]),\n    out = \"bats-assert\",\n    visibility = [\"//visibility:public\"]\n)\n"
            }
          },
          "copy_to_directory_darwin_amd64": {
            "bzlFile": "@@aspect_bazel_lib~//lib/private:copy_to_directory_toolchain.bzl",
            "ruleClassName": "copy_to_directory_platform_repo",
            "attributes": {
              "platform": "darwin_amd64"
            }
          },
          "bsd_tar_linux_amd64": {
            "bzlFile": "@@aspect_bazel_lib~//lib/private:tar_toolchain.bzl",
            "ruleClassName": "bsdtar_binary_repo",
            "attributes": {
              "platform": "linux_amd64"
            }
          },
          "yq_toolchains": {
            "bzlFile": "@@aspect_bazel_lib~//lib/private:yq_toolchain.bzl",
            "ruleClassName": "yq_toolchains_repo",
            "attributes": {
              "user_repository_name": "yq"
            }
          },
          "bats_support": {
            "bzlFile": "@@bazel_tools//tools/build_defs/repo:http.bzl",
            "ruleClassName": "http_archive",
            "attributes": {
              "sha256": "7815237aafeb42ddcc1b8c698fc5808026d33317d8701d5ec2396e9634e2918f",
              "urls": [
                "https://github.com/bats-core/bats-support/archive/v0.3.0.tar.gz"
              ],
              "strip_prefix": "bats-support-0.3.0",
              "build_file_content": "load(\"@aspect_bazel_lib//lib:copy_to_directory.bzl\", \"copy_to_directory\")\n\ncopy_to_directory(\n    name = \"support\",\n    hardlink = \"on\",\n    srcs = glob([\n        \"src/**\",\n        \"load.bash\",\n    ]),\n    out = \"bats-support\",\n    visibility = [\"//visibility:public\"]\n)\n"
            }
          },
          "bsd_tar_windows_amd64": {
            "bzlFile": "@@aspect_bazel_lib~//lib/private:tar_toolchain.bzl",
            "ruleClassName": "bsdtar_binary_repo",
            "attributes": {
              "platform": "windows_amd64"
            }
          },
          "jq": {
            "bzlFile": "@@aspect_bazel_lib~//lib/private:jq_toolchain.bzl",
            "ruleClassName": "jq_host_alias_repo",
            "attributes": {}
          },
          "expand_template_darwin_arm64": {
            "bzlFile": "@@aspect_bazel_lib~//lib/private:expand_template_toolchain.bzl",
            "ruleClassName": "expand_template_platform_repo",
            "attributes": {
              "platform": "darwin_arm64"
            }
          },
          "copy_to_directory_linux_amd64": {
            "bzlFile": "@@aspect_bazel_lib~//lib/private:copy_to_directory_toolchain.bzl",
            "ruleClassName": "copy_to_directory_platform_repo",
            "attributes": {
              "platform": "linux_amd64"
            }
          },
          "coreutils_linux_amd64": {
            "bzlFile": "@@aspect_bazel_lib~//lib/private:coreutils_toolchain.bzl",
            "ruleClassName": "coreutils_platform_repo",
            "attributes": {
              "platform": "linux_amd64",
              "version": "0.0.23"
            }
          },
          "copy_directory_toolchains": {
            "bzlFile": "@@aspect_bazel_lib~//lib/private:copy_directory_toolchain.bzl",
            "ruleClassName": "copy_directory_toolchains_repo",
            "attributes": {
              "user_repository_name": "copy_directory"
            }
          },
          "yq_linux_amd64": {
            "bzlFile": "@@aspect_bazel_lib~//lib/private:yq_toolchain.bzl",
            "ruleClassName": "yq_platform_repo",
            "attributes": {
              "platform": "linux_amd64",
              "version": "4.25.2"
            }
          },
          "copy_to_directory_darwin_arm64": {
            "bzlFile": "@@aspect_bazel_lib~//lib/private:copy_to_directory_toolchain.bzl",
            "ruleClassName": "copy_to_directory_platform_repo",
            "attributes": {
              "platform": "darwin_arm64"
            }
          },
          "coreutils_toolchains": {
            "bzlFile": "@@aspect_bazel_lib~//lib/private:coreutils_toolchain.bzl",
            "ruleClassName": "coreutils_toolchains_repo",
            "attributes": {
              "user_repository_name": "coreutils"
            }
          },
          "copy_directory_freebsd_amd64": {
            "bzlFile": "@@aspect_bazel_lib~//lib/private:copy_directory_toolchain.bzl",
            "ruleClassName": "copy_directory_platform_repo",
            "attributes": {
              "platform": "freebsd_amd64"
            }
          },
          "bats_file": {
            "bzlFile": "@@bazel_tools//tools/build_defs/repo:http.bzl",
            "ruleClassName": "http_archive",
            "attributes": {
              "sha256": "9b69043241f3af1c2d251f89b4fcafa5df3f05e97b89db18d7c9bdf5731bb27a",
              "urls": [
                "https://github.com/bats-core/bats-file/archive/v0.4.0.tar.gz"
              ],
              "strip_prefix": "bats-file-0.4.0",
              "build_file_content": "load(\"@aspect_bazel_lib//lib:copy_to_directory.bzl\", \"copy_to_directory\")\n\ncopy_to_directory(\n    name = \"file\",\n    hardlink = \"on\",\n    srcs = glob([\n        \"src/**\",\n        \"load.bash\",\n    ]),\n    out = \"bats-file\",\n    visibility = [\"//visibility:public\"]\n)\n"
            }
          },
          "expand_template_linux_arm64": {
            "bzlFile": "@@aspect_bazel_lib~//lib/private:expand_template_toolchain.bzl",
            "ruleClassName": "expand_template_platform_repo",
            "attributes": {
              "platform": "linux_arm64"
            }
          },
          "jq_linux_amd64": {
            "bzlFile": "@@aspect_bazel_lib~//lib/private:jq_toolchain.bzl",
            "ruleClassName": "jq_platform_repo",
            "attributes": {
              "platform": "linux_amd64",
              "version": "1.7"
            }
          },
          "bsd_tar_toolchains": {
            "bzlFile": "@@aspect_bazel_lib~//lib/private:tar_toolchain.bzl",
            "ruleClassName": "tar_toolchains_repo",
            "attributes": {
              "user_repository_name": "bsd_tar"
            }
          },
          "bats_toolchains": {
            "bzlFile": "@@bazel_tools//tools/build_defs/repo:http.bzl",
            "ruleClassName": "http_archive",
            "attributes": {
              "sha256": "a1a9f7875aa4b6a9480ca384d5865f1ccf1b0b1faead6b47aa47d79709a5c5fd",
              "urls": [
                "https://github.com/bats-core/bats-core/archive/v1.10.0.tar.gz"
              ],
              "strip_prefix": "bats-core-1.10.0",
              "build_file_content": "load(\"@local_config_platform//:constraints.bzl\", \"HOST_CONSTRAINTS\")\nload(\"@aspect_bazel_lib//lib/private:bats_toolchain.bzl\", \"bats_toolchain\")\nload(\"@aspect_bazel_lib//lib:copy_to_directory.bzl\", \"copy_to_directory\")\n\ncopy_to_directory(\n    name = \"core\",\n    hardlink = \"on\",\n    srcs = glob([\n        \"lib/**\",\n        \"libexec/**\"\n    ]) + [\"bin/bats\"],\n    out = \"bats-core\",\n)\n\nbats_toolchain(\n    name = \"toolchain\",\n    core = \":core\",\n    libraries = [\"@bats_support//:support\", \"@bats_assert//:assert\", \"@bats_file//:file\"]\n)\n\ntoolchain(\n    name = \"bats_toolchain\",\n    exec_compatible_with = HOST_CONSTRAINTS,\n    toolchain = \":toolchain\",\n    toolchain_type = \"@aspect_bazel_lib//lib:bats_toolchain_type\",\n)\n"
            }
          },
          "yq_windows_amd64": {
            "bzlFile": "@@aspect_bazel_lib~//lib/private:yq_toolchain.bzl",
            "ruleClassName": "yq_platform_repo",
            "attributes": {
              "platform": "windows_amd64",
              "version": "4.25.2"
            }
          },
          "jq_windows_amd64": {
            "bzlFile": "@@aspect_bazel_lib~//lib/private:jq_toolchain.bzl",
            "ruleClassName": "jq_platform_repo",
            "attributes": {
              "platform": "windows_amd64",
              "version": "1.7"
            }
          },
          "expand_template_freebsd_amd64": {
            "bzlFile": "@@aspect_bazel_lib~//lib/private:expand_template_toolchain.bzl",
            "ruleClassName": "expand_template_platform_repo",
            "attributes": {
              "platform": "freebsd_amd64"
            }
          },
          "yq_linux_ppc64le": {
            "bzlFile": "@@aspect_bazel_lib~//lib/private:yq_toolchain.bzl",
            "ruleClassName": "yq_platform_repo",
            "attributes": {
              "platform": "linux_ppc64le",
              "version": "4.25.2"
            }
          },
          "copy_to_directory_toolchains": {
            "bzlFile": "@@aspect_bazel_lib~//lib/private:copy_to_directory_toolchain.bzl",
            "ruleClassName": "copy_to_directory_toolchains_repo",
            "attributes": {
              "user_repository_name": "copy_to_directory"
            }
          },
          "jq_toolchains": {
            "bzlFile": "@@aspect_bazel_lib~//lib/private:jq_toolchain.bzl",
            "ruleClassName": "jq_toolchains_repo",
            "attributes": {
              "user_repository_name": "jq"
            }
          },
          "copy_directory_darwin_arm64": {
            "bzlFile": "@@aspect_bazel_lib~//lib/private:copy_directory_toolchain.bzl",
            "ruleClassName": "copy_directory_platform_repo",
            "attributes": {
              "platform": "darwin_arm64"
            }
          },
          "copy_directory_windows_amd64": {
            "bzlFile": "@@aspect_bazel_lib~//lib/private:copy_directory_toolchain.bzl",
            "ruleClassName": "copy_directory_platform_repo",
            "attributes": {
              "platform": "windows_amd64"
            }
          },
          "yq_darwin_arm64": {
            "bzlFile": "@@aspect_bazel_lib~//lib/private:yq_toolchain.bzl",
            "ruleClassName": "yq_platform_repo",
            "attributes": {
              "platform": "darwin_arm64",
              "version": "4.25.2"
            }
          },
          "coreutils_windows_amd64": {
            "bzlFile": "@@aspect_bazel_lib~//lib/private:coreutils_toolchain.bzl",
            "ruleClassName": "coreutils_platform_repo",
            "attributes": {
              "platform": "windows_amd64",
              "version": "0.0.23"
            }
          },
          "yq_linux_arm64": {
            "bzlFile": "@@aspect_bazel_lib~//lib/private:yq_toolchain.bzl",
            "ruleClassName": "yq_platform_repo",
            "attributes": {
              "platform": "linux_arm64",
              "version": "4.25.2"
            }
          }
        },
        "recordedRepoMappingEntries": [
          [
            "aspect_bazel_lib~",
            "aspect_bazel_lib",
            "aspect_bazel_lib~"
          ],
          [
            "aspect_bazel_lib~",
            "bazel_skylib",
            "bazel_skylib~"
          ],
          [
            "aspect_bazel_lib~",
            "bazel_tools",
            "bazel_tools"
          ]
        ]
      }
    },
    "@@hermetic_cc_toolchain~//toolchain:ext.bzl%toolchains": {
      "general": {
        "bzlTransitiveDigest": "2rGKMpxGYF8vvf2KZRLaFTcdf6wzriYbsjZbofmQbZw=",
        "usagesDigest": "wxNe0rlxpvT2cOc9fRgDFTfTYiIubOvOKYa709rcB8I=",
        "recordedFileInputs": {},
        "recordedDirentsInputs": {},
        "envVariables": {},
        "generatedRepoSpecs": {
          "zig_sdk": {
            "bzlFile": "@@hermetic_cc_toolchain~//toolchain:defs.bzl",
            "ruleClassName": "zig_repository",
            "attributes": {
              "version": "0.12.0-dev.2824+0b7af2563",
              "url_formats": [
                "https://mirror.bazel.build/ziglang.org/builds/zig-{host_platform}-{version}.{_ext}",
                "https://ziglang.org/builds/zig-{host_platform}-{version}.{_ext}"
              ],
              "host_platform_sha256": {
                "linux-aarch64": "b142b8a62297c88d38fad10b95c7247606b0c9fe16cf463d75dfe10fb3269c82",
                "linux-x86_64": "5f9415bd4a6419245be36888b825683f001cdb2d6ad08c60dac85b0a1f39d5aa",
                "macos-aarch64": "85fef6c6bd4f169a0883b4b39896236d37d1957e7ee65eb8a6849387dcb9febd",
                "macos-x86_64": "efe930a9b0765655f5dfc9592fea73bc512888734607686bc9bb1ed3a407714d",
                "windows-aarch64": "2814c31b73fccaf4cfa2d33b56677189bba1e7d450d2bcfa63e9ffbe0d557967",
                "windows-x86_64": "401b627233d8170ff7e2751c69ac6c45bc74986e7e7f3fabd97a07176b312169"
              },
              "host_platform_ext": {
                "linux-aarch64": "tar.xz",
                "linux-x86_64": "tar.xz",
                "macos-aarch64": "tar.xz",
                "macos-x86_64": "tar.xz",
                "windows-x86_64": "zip"
              }
            }
          }
        },
        "recordedRepoMappingEntries": [
          [
            "hermetic_cc_toolchain~",
            "bazel_tools",
            "bazel_tools"
          ],
          [
            "hermetic_cc_toolchain~",
            "hermetic_cc_toolchain",
            "hermetic_cc_toolchain~"
          ]
        ]
      }
    },
    "@@platforms//host:extension.bzl%host_platform": {
      "general": {
        "bzlTransitiveDigest": "xelQcPZH8+tmuOHVjL9vDxMnnQNMlwj0SlvgoqBkm4U=",
        "usagesDigest": "meSzxn3DUCcYEhq4HQwExWkWtU4EjriRBQLsZN+Q0SU=",
        "recordedFileInputs": {},
        "recordedDirentsInputs": {},
        "envVariables": {},
        "generatedRepoSpecs": {
          "host_platform": {
            "bzlFile": "@@platforms//host:extension.bzl",
            "ruleClassName": "host_platform_repo",
            "attributes": {}
          }
        },
        "recordedRepoMappingEntries": []
      }
    },
    "@@rules_python~//python/extensions:python.bzl%python": {
      "general": {
        "bzlTransitiveDigest": "h1WwMtMNhOmMzSsCyaGXLFVp6B/FYYYOnfCnBiq1gtg=",
        "usagesDigest": "5C1/2n78LWxziEIWtqoZJ1kCnmcf27xhCjlpWffa1Ng=",
        "recordedFileInputs": {},
        "recordedDirentsInputs": {},
        "envVariables": {},
        "generatedRepoSpecs": {
          "python_3_11": {
            "bzlFile": "@@rules_python~//python/private:toolchains_repo.bzl",
            "ruleClassName": "toolchain_aliases",
            "attributes": {
              "python_version": "3.11.1",
              "user_repository_name": "python_3_11"
            }
          },
          "python_3_11_aarch64-unknown-linux-gnu": {
            "bzlFile": "@@rules_python~//python:repositories.bzl",
            "ruleClassName": "python_repository",
            "attributes": {
              "sha256": "debf15783bdcb5530504f533d33fda75a7b905cec5361ae8f33da5ba6599f8b4",
              "patches": [],
              "platform": "aarch64-unknown-linux-gnu",
              "python_version": "3.11.1",
              "release_filename": "20230116/cpython-3.11.1+20230116-aarch64-unknown-linux-gnu-install_only.tar.gz",
              "urls": [
                "https://github.com/indygreg/python-build-standalone/releases/download/20230116/cpython-3.11.1+20230116-aarch64-unknown-linux-gnu-install_only.tar.gz"
              ],
              "distutils_content": "",
              "strip_prefix": "python",
              "coverage_tool": "",
              "ignore_root_user_error": false
            }
          },
          "python_3_11_aarch64-apple-darwin": {
            "bzlFile": "@@rules_python~//python:repositories.bzl",
            "ruleClassName": "python_repository",
            "attributes": {
              "sha256": "4918cdf1cab742a90f85318f88b8122aeaa2d04705803c7b6e78e81a3dd40f80",
              "patches": [],
              "platform": "aarch64-apple-darwin",
              "python_version": "3.11.1",
              "release_filename": "20230116/cpython-3.11.1+20230116-aarch64-apple-darwin-install_only.tar.gz",
              "urls": [
                "https://github.com/indygreg/python-build-standalone/releases/download/20230116/cpython-3.11.1+20230116-aarch64-apple-darwin-install_only.tar.gz"
              ],
              "distutils_content": "",
              "strip_prefix": "python",
              "coverage_tool": "",
              "ignore_root_user_error": false
            }
          },
          "python_3_11_x86_64-apple-darwin": {
            "bzlFile": "@@rules_python~//python:repositories.bzl",
            "ruleClassName": "python_repository",
            "attributes": {
              "sha256": "20a4203d069dc9b710f70b09e7da2ce6f473d6b1110f9535fb6f4c469ed54733",
              "patches": [],
              "platform": "x86_64-apple-darwin",
              "python_version": "3.11.1",
              "release_filename": "20230116/cpython-3.11.1+20230116-x86_64-apple-darwin-install_only.tar.gz",
              "urls": [
                "https://github.com/indygreg/python-build-standalone/releases/download/20230116/cpython-3.11.1+20230116-x86_64-apple-darwin-install_only.tar.gz"
              ],
              "distutils_content": "",
              "strip_prefix": "python",
              "coverage_tool": "",
              "ignore_root_user_error": false
            }
          },
          "pythons_hub": {
            "bzlFile": "@@rules_python~//python/extensions/private:pythons_hub.bzl",
            "ruleClassName": "hub_repo",
            "attributes": {
              "default_python_version": "3.11",
              "toolchain_prefixes": [
                "_0000_python_3_11_"
              ],
              "toolchain_python_versions": [
                "3.11"
              ],
              "toolchain_set_python_version_constraints": [
                "False"
              ],
              "toolchain_user_repository_names": [
                "python_3_11"
              ]
            }
          },
          "python_versions": {
            "bzlFile": "@@rules_python~//python/private:toolchains_repo.bzl",
            "ruleClassName": "multi_toolchain_aliases",
            "attributes": {
              "python_versions": {
                "3.11": "python_3_11"
              }
            }
          },
          "python_3_11_x86_64-pc-windows-msvc": {
            "bzlFile": "@@rules_python~//python:repositories.bzl",
            "ruleClassName": "python_repository",
            "attributes": {
              "sha256": "edc08979cb0666a597466176511529c049a6f0bba8adf70df441708f766de5bf",
              "patches": [],
              "platform": "x86_64-pc-windows-msvc",
              "python_version": "3.11.1",
              "release_filename": "20230116/cpython-3.11.1+20230116-x86_64-pc-windows-msvc-shared-install_only.tar.gz",
              "urls": [
                "https://github.com/indygreg/python-build-standalone/releases/download/20230116/cpython-3.11.1+20230116-x86_64-pc-windows-msvc-shared-install_only.tar.gz"
              ],
              "distutils_content": "",
              "strip_prefix": "python",
              "coverage_tool": "",
              "ignore_root_user_error": false
            }
          },
          "python_3_11_x86_64-unknown-linux-gnu": {
            "bzlFile": "@@rules_python~//python:repositories.bzl",
            "ruleClassName": "python_repository",
            "attributes": {
              "sha256": "02a551fefab3750effd0e156c25446547c238688a32fabde2995c941c03a6423",
              "patches": [],
              "platform": "x86_64-unknown-linux-gnu",
              "python_version": "3.11.1",
              "release_filename": "20230116/cpython-3.11.1+20230116-x86_64-unknown-linux-gnu-install_only.tar.gz",
              "urls": [
                "https://github.com/indygreg/python-build-standalone/releases/download/20230116/cpython-3.11.1+20230116-x86_64-unknown-linux-gnu-install_only.tar.gz"
              ],
              "distutils_content": "",
              "strip_prefix": "python",
              "coverage_tool": "",
              "ignore_root_user_error": false
            }
          }
        },
        "recordedRepoMappingEntries": [
          [
            "rules_python~",
            "bazel_tools",
            "bazel_tools"
          ]
        ]
      }
    }
  }
}
